
Microsoft Visual Studio Solution File, Format Version 12.00
# Visual Studio 15
VisualStudioVersion = 15.0.26730.10
MinimumVisualStudioVersion = 10.0.40219.1
Project("{FAE04EC0-301F-11D3-BF4B-00C04F79EFBC}") = "CoursProjet", "CoursProjet\CoursProjet.csproj", "{1120797F-C2F5-43BA-A60C-95484083E797}"
EndProject
Global
	GlobalSection(SolutionConfigurationPlatforms) = preSolution
		Debug|Any CPU = Debug|Any CPU
		Release|Any CPU = Release|Any CPU
	EndGlobalSection
	GlobalSection(ProjectConfigurationPlatforms) = postSolution
		{1120797F-C2F5-43BA-A60C-95484083E797}.Debug|Any CPU.ActiveCfg = Debug|Any CPU
		{1120797F-C2F5-43BA-A60C-95484083E797}.Debug|Any CPU.Build.0 = Debug|Any CPU
		{1120797F-C2F5-43BA-A60C-95484083E797}.Release|Any CPU.ActiveCfg = Release|Any CPU
		{1120797F-C2F5-43BA-A60C-95484083E797}.Release|Any CPU.Build.0 = Release|Any CPU
	EndGlobalSection
	GlobalSection(SolutionProperties) = preSolution
		HideSolutionNode = FALSE
	EndGlobalSection
	GlobalSection(ExtensibilityGlobals) = postSolution
		SolutionGuid = {CF4672BD-8AC1-47A5-ADC5-0B718A1D5CE3}
	EndGlobalSection
EndGlobal
